{
  "object": {
    "pins": [
      {
        "package": "Alamofire",
        "repositoryURL": "https://github.com/Alamofire/Alamofire.git",
        "state": {
          "branch": null,
          "revision": "9e0328127dfb801cefe8ac53a13c0c90a7770448",
          "version": "5.4.0"
        }
      },
      {
        "package": "AlamofireNetworkActivityLogger",
        "repositoryURL": "https://github.com/konkab/AlamofireNetworkActivityLogger",
        "state": {
          "branch": null,
          "revision": "8db9d4e27176905298e7215e3d800e349cdfa30b",
          "version": "3.4.0"
        }
      },
      {
        "package": "CodableAlamofire",
        "repositoryURL": "https://github.com/Otbivnoe/CodableAlamofire.git",
        "state": {
          "branch": null,
          "revision": "a4313aa4bc09c09703f7ba71ab1300059abbde24",
          "version": "1.2.1"
        }
      },
      {
        "package": "KeychainAccess",
        "repositoryURL": "https://github.com/kishikawakatsumi/KeychainAccess.git",
        "state": {
          "branch": null,
          "revision": "84e546727d66f1adc5439debad16270d0fdd04e7",
          "version": "4.2.2"
        }
      }
    ]
  },
  "version": 1
}
